{
  "name": "code-kb-import-runtime",
  "version": "0.1.0",
  "lockfileVersion": 3,
  "requires": true,
  "packages": {
    "": {
      "name": "code-kb-import-runtime",
      "version": "0.1.0",
      "dependencies": {
        "@repomix/tree-sitter-wasms": "0.1.17",
        "web-tree-sitter": "0.27.0"
      },
      "engines": {
        "node": ">=18"
      }
    },
    "node_modules/@repomix/tree-sitter-wasms": {
      "version": "0.1.17",
      "resolved": "https://registry.npmjs.org/@repomix/tree-sitter-wasms/-/tree-sitter-wasms-0.1.17.tgz",
      "integrity": "sha512-tc3HnFqdMF1pXhIMzG3aTaBDpIiHK2tPfn3fwqA6P3WTbHa+1EuuTubbKshvmN7xCHP5Ojz0/VW4R+XvR88KOw==",
      "license": "Unlicense"
    },
    "node_modules/web-tree-sitter": {
      "version": "0.27.0",
      "resolved": "https://registry.npmjs.org/web-tree-sitter/-/web-tree-sitter-0.27.0.tgz",
      "integrity": "sha512-XK08gj6RwTMQatAG7uVRP8MunqotL/XC19vHgkSPKmELgbGPBj4ECvB8haHOUnyj6ls2B8t42UTro14zxGgAHg==",
      "license": "MIT"
    }
  }
}
